{
  "name": "openclawclient-mvp",
  "version": "0.1.0",
  "lockfileVersion": 3,
  "requires": true,
  "packages": {
    "": {
      "name": "openclawclient-mvp",
      "version": "0.1.0",
      "private": true,
      "workspaces": [
        "apps/*"
      ],
      "devDependencies": {
        "turbo": "^1.10.0"
      }
    },
    "node_modules/turbo": {
      "version": "1.10.0",
      "resolved": "https://registry.npmjs.org/turbo/-/turbo-1.10.0.tgz",
      "integrity": "sha512-example",
      "bin": {
        "turbo": "bin/turbo.js"
      }
    }
  }
}
